
Microsoft Visual Studio Solution File, Format Version 12.00
# Visual Studio Version 16
VisualStudioVersion = 16.0.29806.167
MinimumVisualStudioVersion = 10.0.40219.1
Project("{FAE04EC0-301F-11D3-BF4B-00C04F79EFBC}") = "IzabelaPałubickaLab1ZadDom", "IzabelaPałubickaLab1ZadDom.csproj", "{4CB59E82-A470-4C7F-B4DF-222C5B27B15F}"
EndProject
Global
	GlobalSection(SolutionConfigurationPlatforms) = preSolution
		Debug|Any CPU = Debug|Any CPU
		Release|Any CPU = Release|Any CPU
	EndGlobalSection
	GlobalSection(ProjectConfigurationPlatforms) = postSolution
		{4CB59E82-A470-4C7F-B4DF-222C5B27B15F}.Debug|Any CPU.ActiveCfg = Debug|Any CPU
		{4CB59E82-A470-4C7F-B4DF-222C5B27B15F}.Debug|Any CPU.Build.0 = Debug|Any CPU
		{4CB59E82-A470-4C7F-B4DF-222C5B27B15F}.Release|Any CPU.ActiveCfg = Release|Any CPU
		{4CB59E82-A470-4C7F-B4DF-222C5B27B15F}.Release|Any CPU.Build.0 = Release|Any CPU
	EndGlobalSection
	GlobalSection(SolutionProperties) = preSolution
		HideSolutionNode = FALSE
	EndGlobalSection
	GlobalSection(ExtensibilityGlobals) = postSolution
		SolutionGuid = {49D41578-DA46-4FE1-99DA-B32A71C99B4E}
	EndGlobalSection
EndGlobal
